{
  "nodes": {
    "flake-utils": {
      "locked": {
        "lastModified": 1631561581,
        "narHash": "sha256-3VQMV5zvxaVLvqqUrNz3iJelLw30mIVSfZmAaauM3dA=",
        "owner": "numtide",
        "repo": "flake-utils",
        "rev": "7e5bf3925f6fbdfaf50a2a7ca0be2879c4261d19",
        "type": "github"
      },
      "original": {
        "owner": "numtide",
        "repo": "flake-utils",
        "type": "github"
      }
    },
    "nixpkgs": {
      "locked": {
        "lastModified": 1664345456,
        "narHash": "sha256-3kDnqvzzrY3GDS4x78chBt2sWCHQKKopt+W0LecyH/Y=",
        "owner": "NixOS",
        "repo": "nixpkgs",
        "rev": "7d226b5d12965b214d299d553fff6a3db7e4202a",
        "type": "github"
      },
      "original": {
        "owner": "NixOS",
        "repo": "nixpkgs",
        "type": "github"
      }
    },
    "poetry2nix": {
      "inputs": {
        "flake-utils": [
          "flake-utils"
        ],
        "nixpkgs": [
          "nixpkgs"
        ]
      },
      "locked": {
        "lastModified": 1664344008,
        "narHash": "sha256-XJZCFSHxpi0KgAweAyd/YY7ikjXd6PkHNjPicmxjdXg=",
        "owner": "nix-community",
        "repo": "poetry2nix",
        "rev": "9fee29254a0ea0e6a4432cf36a71a2b7317c9767",
        "type": "github"
      },
      "original": {
        "owner": "nix-community",
        "repo": "poetry2nix",
        "type": "github"
      }
    },
    "root": {
      "inputs": {
        "flake-utils": "flake-utils",
        "nixpkgs": "nixpkgs",
        "poetry2nix": "poetry2nix"
      }
    }
  },
  "root": "root",
  "version": 7
}
